{
  "name": "@diginet/seq-logger",
  "version": "1.0.6",
  "lockfileVersion": 1,
  "requires": true,
  "dependencies": {
    "@diginet/structured-log": {
      "version": "0.3.1",
      "resolved": "https://registry.npmjs.org/@diginet/structured-log/-/structured-log-0.3.1.tgz",
      "integrity": "sha512-a+LHVy3bDsXDqlDFXRR2quHw2IEXUmEEMmutGAc45vFQwrcxw667uu9VJQHxtvOHVJd1aou27TdF02T4dj0ykQ=="
    },
    "@diginet/structured-log-seq-sink": {
      "version": "0.4.2",
      "resolved": "https://registry.npmjs.org/@diginet/structured-log-seq-sink/-/structured-log-seq-sink-0.4.2.tgz",
      "integrity": "sha512-KYg7VorietvPHy7CbSWyshagnPzJ9bVBNRCev2F5/7oIE1m4nByIOBFJ8mGVNULFg8ZW8t5/kVzXZeot/2ADvw=="
    },
    "@types/node": {
      "version": "12.0.0",
      "resolved": "https://registry.npmjs.org/@types/node/-/node-12.0.0.tgz",
      "integrity": "sha512-Jrb/x3HT4PTJp6a4avhmJCDEVrPdqLfl3e8GGMbpkGGdwAV5UGlIs4vVEfsHHfylZVOKZWpOqmqFH8CbfOZ6kg=="
    },
    "@types/uuid": {
      "version": "3.4.4",
      "resolved": "https://registry.npmjs.org/@types/uuid/-/uuid-3.4.4.tgz",
      "integrity": "sha512-tPIgT0GUmdJQNSHxp0X2jnpQfBSTfGxUMc/2CXBU2mnyTFVYVa2ojpoQ74w0U2yn2vw3jnC640+77lkFFpdVDw==",
      "requires": {
        "@types/node": "*"
      }
    },
    "node-fetch": {
      "version": "2.5.0",
      "resolved": "https://registry.npmjs.org/node-fetch/-/node-fetch-2.5.0.tgz",
      "integrity": "sha512-YuZKluhWGJwCcUu4RlZstdAxr8bFfOVHakc1mplwHkk8J+tqM1Y5yraYvIUpeX8aY7+crCwiELJq7Vl0o0LWXw=="
    },
    "typescript": {
      "version": "3.4.5",
      "resolved": "https://registry.npmjs.org/typescript/-/typescript-3.4.5.tgz",
      "integrity": "sha512-YycBxUb49UUhdNMU5aJ7z5Ej2XGmaIBL0x34vZ82fn3hGvD+bgrMrVDpatgz2f7YxUMJxMkbWxJZeAvDxVe7Vw==",
      "dev": true
    },
    "uuid": {
      "version": "3.3.2",
      "resolved": "https://registry.npmjs.org/uuid/-/uuid-3.3.2.tgz",
      "integrity": "sha512-yXJmeNaw3DnnKAOKJE51sL/ZaYfWJRl1pK9dr19YFCu0ObS231AB1/LbqTKRAQ5kw8A90rA6fr4riOUpTZvQZA=="
    }
  }
}
